
Microsoft Visual Studio Solution File, Format Version 12.00
# Visual Studio Version 17
VisualStudioVersion = 17.10.35027.167
MinimumVisualStudioVersion = 10.0.40219.1
Project("{FAE04EC0-301F-11D3-BF4B-00C04F79EFBC}") = "ContactsWebApi", "ContactsWebApi\ContactsWebApi.csproj", "{81FFD952-5E4B-421B-891B-81DC8B78852F}"
EndProject
Global
	GlobalSection(SolutionConfigurationPlatforms) = preSolution
		Debug|Any CPU = Debug|Any CPU
		Release|Any CPU = Release|Any CPU
	EndGlobalSection
	GlobalSection(ProjectConfigurationPlatforms) = postSolution
		{81FFD952-5E4B-421B-891B-81DC8B78852F}.Debug|Any CPU.ActiveCfg = Debug|Any CPU
		{81FFD952-5E4B-421B-891B-81DC8B78852F}.Debug|Any CPU.Build.0 = Debug|Any CPU
		{81FFD952-5E4B-421B-891B-81DC8B78852F}.Release|Any CPU.ActiveCfg = Release|Any CPU
		{81FFD952-5E4B-421B-891B-81DC8B78852F}.Release|Any CPU.Build.0 = Release|Any CPU
	EndGlobalSection
	GlobalSection(SolutionProperties) = preSolution
		HideSolutionNode = FALSE
	EndGlobalSection
	GlobalSection(ExtensibilityGlobals) = postSolution
		SolutionGuid = {0BB16D7A-1F94-40E6-A911-BED4F15C9CB6}
	EndGlobalSection
EndGlobal
